// !$*UTF8*$!
{
	archiveVersion = 1;
	classes = {
	};
	objectVersion = 50;
	objects = {

/* Begin PBXBuildFile section */
		7D19726C222D14D30010CA1C /* AppDelegate.swift in Sources */ = {isa = PBXBuildFile; fileRef = 7D19726B222D14D30010CA1C /* AppDelegate.swift */; };
		7D19726E222D14D30010CA1C /* MenuViewController.swift in Sources */ = {isa = PBXBuildFile; fileRef = 7D19726D222D14D30010CA1C /* MenuViewController.swift */; };
		7D197271222D14D30010CA1C /* Main.storyboard in Resources */ = {isa = PBXBuildFile; fileRef = 7D19726F222D14D30010CA1C /* Main.storyboard */; };
		7D197273222D14D50010CA1C /* Assets.xcassets in Resources */ = {isa = PBXBuildFile; fileRef = 7D197272222D14D40010CA1C /* Assets.xcassets */; };
		7D197276222D14D50010CA1C /* LaunchScreen.storyboard in Resources */ = {isa = PBXBuildFile; fileRef = 7D197274222D14D50010CA1C /* LaunchScreen.storyboard */; };
		7D197281222D15220010CA1C /* FoodCategory.swift in Sources */ = {isa = PBXBuildFile; fileRef = 7D197280222D15220010CA1C /* FoodCategory.swift */; };
		7D197283222D15970010CA1C /* Recipe.swift in Sources */ = {isa = PBXBuildFile; fileRef = 7D197282222D15970010CA1C /* Recipe.swift */; };
		7D197285222D15E70010CA1C /* DataSet.swift in Sources */ = {isa = PBXBuildFile; fileRef = 7D197284222D15E70010CA1C /* DataSet.swift */; };
		7D1972A9222E6B0E0010CA1C /* CategoryCell.swift in Sources */ = {isa = PBXBuildFile; fileRef = 7D1972A8222E6B0E0010CA1C /* CategoryCell.swift */; };
		7D1972AB222FAEB90010CA1C /* SubmenuViewController.swift in Sources */ = {isa = PBXBuildFile; fileRef = 7D1972AA222FAEB90010CA1C /* SubmenuViewController.swift */; };
		7D1972AD222FB36A0010CA1C /* SubmenuCell.swift in Sources */ = {isa = PBXBuildFile; fileRef = 7D1972AC222FB36A0010CA1C /* SubmenuCell.swift */; };
		7D1D2F26223618A000998C60 /* DetailsViewController.swift in Sources */ = {isa = PBXBuildFile; fileRef = 7D1D2F25223618A000998C60 /* DetailsViewController.swift */; };
		7D65E69D22EC080200E768E7 /* Coordinator.swift in Sources */ = {isa = PBXBuildFile; fileRef = 7D65E69C22EC080200E768E7 /* Coordinator.swift */; };
		7D65E69F22EC08E200E768E7 /* Storyboarded.swift in Sources */ = {isa = PBXBuildFile; fileRef = 7D65E69E22EC08E200E768E7 /* Storyboarded.swift */; };
		7D65E6A122EC0BD100E768E7 /* MainCoordinator.swift in Sources */ = {isa = PBXBuildFile; fileRef = 7D65E6A022EC0BD100E768E7 /* MainCoordinator.swift */; };
		7D65E6A322EC0FBC00E768E7 /* MenuProtocol.swift in Sources */ = {isa = PBXBuildFile; fileRef = 7D65E6A222EC0FBC00E768E7 /* MenuProtocol.swift */; };
		7D65E6A522F1305C00E768E7 /* SubmenuCoordinator.swift in Sources */ = {isa = PBXBuildFile; fileRef = 7D65E6A422F1305C00E768E7 /* SubmenuCoordinator.swift */; };
		7D77CE7422F91F9300FFDBED /* GenericDataSource.swift in Sources */ = {isa = PBXBuildFile; fileRef = 7D77CE7322F91F9300FFDBED /* GenericDataSource.swift */; };
		7D77CE7622F9243200FFDBED /* MenuDelegate.swift in Sources */ = {isa = PBXBuildFile; fileRef = 7D77CE7522F9243200FFDBED /* MenuDelegate.swift */; };
		7D77CE7822FA731E00FFDBED /* StateController.swift in Sources */ = {isa = PBXBuildFile; fileRef = 7D77CE7722FA731E00FFDBED /* StateController.swift */; };
/* End PBXBuildFile section */

/* Begin PBXFileReference section */
		7D197268222D14D30010CA1C /* iFood.app */ = {isa = PBXFileReference; explicitFileType = wrapper.application; includeInIndex = 0; path = iFood.app; sourceTree = BUILT_PRODUCTS_DIR; };
		7D19726B222D14D30010CA1C /* AppDelegate.swift */ = {isa = PBXFileReference; lastKnownFileType = sourcecode.swift; path = AppDelegate.swift; sourceTree = "<group>"; };
		7D19726D222D14D30010CA1C /* MenuViewController.swift */ = {isa = PBXFileReference; lastKnownFileType = sourcecode.swift; path = MenuViewController.swift; sourceTree = "<group>"; };
		7D197270222D14D30010CA1C /* Base */ = {isa = PBXFileReference; lastKnownFileType = file.storyboard; name = Base; path = Base.lproj/Main.storyboard; sourceTree = "<group>"; };
		7D197272222D14D40010CA1C /* Assets.xcassets */ = {isa = PBXFileReference; lastKnownFileType = folder.assetcatalog; path = Assets.xcassets; sourceTree = "<group>"; };
		7D197275222D14D50010CA1C /* Base */ = {isa = PBXFileReference; lastKnownFileType = file.storyboard; name = Base; path = Base.lproj/LaunchScreen.storyboard; sourceTree = "<group>"; };
		7D197277222D14D50010CA1C /* Info.plist */ = {isa = PBXFileReference; lastKnownFileType = text.plist.xml; path = Info.plist; sourceTree = "<group>"; };
		7D197280222D15220010CA1C /* FoodCategory.swift */ = {isa = PBXFileReference; lastKnownFileType = sourcecode.swift; path = FoodCategory.swift; sourceTree = "<group>"; };
		7D197282222D15970010CA1C /* Recipe.swift */ = {isa = PBXFileReference; lastKnownFileType = sourcecode.swift; path = Recipe.swift; sourceTree = "<group>"; };
		7D197284222D15E70010CA1C /* DataSet.swift */ = {isa = PBXFileReference; lastKnownFileType = sourcecode.swift; path = DataSet.swift; sourceTree = "<group>"; };
		7D1972A8222E6B0E0010CA1C /* CategoryCell.swift */ = {isa = PBXFileReference; lastKnownFileType = sourcecode.swift; path = CategoryCell.swift; sourceTree = "<group>"; };
		7D1972AA222FAEB90010CA1C /* SubmenuViewController.swift */ = {isa = PBXFileReference; lastKnownFileType = sourcecode.swift; path = SubmenuViewController.swift; sourceTree = "<group>"; };
		7D1972AC222FB36A0010CA1C /* SubmenuCell.swift */ = {isa = PBXFileReference; lastKnownFileType = sourcecode.swift; path = SubmenuCell.swift; sourceTree = "<group>"; };
		7D1D2F25223618A000998C60 /* DetailsViewController.swift */ = {isa = PBXFileReference; lastKnownFileType = sourcecode.swift; path = DetailsViewController.swift; sourceTree = "<group>"; };
		7D65E69C22EC080200E768E7 /* Coordinator.swift */ = {isa = PBXFileReference; lastKnownFileType = sourcecode.swift; path = Coordinator.swift; sourceTree = "<group>"; };
		7D65E69E22EC08E200E768E7 /* Storyboarded.swift */ = {isa = PBXFileReference; lastKnownFileType = sourcecode.swift; path = Storyboarded.swift; sourceTree = "<group>"; };
		7D65E6A022EC0BD100E768E7 /* MainCoordinator.swift */ = {isa = PBXFileReference; lastKnownFileType = sourcecode.swift; path = MainCoordinator.swift; sourceTree = "<group>"; };
		7D65E6A222EC0FBC00E768E7 /* MenuProtocol.swift */ = {isa = PBXFileReference; lastKnownFileType = sourcecode.swift; path = MenuProtocol.swift; sourceTree = "<group>"; };
		7D65E6A422F1305C00E768E7 /* SubmenuCoordinator.swift */ = {isa = PBXFileReference; lastKnownFileType = sourcecode.swift; path = SubmenuCoordinator.swift; sourceTree = "<group>"; };
		7D77CE7322F91F9300FFDBED /* GenericDataSource.swift */ = {isa = PBXFileReference; lastKnownFileType = sourcecode.swift; path = GenericDataSource.swift; sourceTree = "<group>"; };
		7D77CE7522F9243200FFDBED /* MenuDelegate.swift */ = {isa = PBXFileReference; lastKnownFileType = sourcecode.swift; path = MenuDelegate.swift; sourceTree = "<group>"; };
		7D77CE7722FA731E00FFDBED /* StateController.swift */ = {isa = PBXFileReference; lastKnownFileType = sourcecode.swift; path = StateController.swift; sourceTree = "<group>"; };
/* End PBXFileReference section */

/* Begin PBXFrameworksBuildPhase section */
		7D197265222D14D20010CA1C /* Frameworks */ = {
			isa = PBXFrameworksBuildPhase;
			buildActionMask = 2147483647;
			files = (
			);
			runOnlyForDeploymentPostprocessing = 0;
		};
/* End PBXFrameworksBuildPhase section */

/* Begin PBXGroup section */
		7D19725F222D14D20010CA1C = {
			isa = PBXGroup;
			children = (
				7D19726A222D14D30010CA1C /* iFood */,
				7D197269222D14D30010CA1C /* Products */,
			);
			sourceTree = "<group>";
		};
		7D197269222D14D30010CA1C /* Products */ = {
			isa = PBXGroup;
			children = (
				7D197268222D14D30010CA1C /* iFood.app */,
			);
			name = Products;
			sourceTree = "<group>";
		};
		7D19726A222D14D30010CA1C /* iFood */ = {
			isa = PBXGroup;
			children = (
				7D65E69A22EC07E900E768E7 /* Coordinator */,
				CA52BF6C2475C8720053A0A3 /* Main */,
				7D19727D222D14E70010CA1C /* Model */,
				CA52BF6D2475C8FD0053A0A3 /* UI */,
			);
			path = iFood;
			sourceTree = "<group>";
		};
		7D19727D222D14E70010CA1C /* Model */ = {
			isa = PBXGroup;
			children = (
				7D197284222D15E70010CA1C /* DataSet.swift */,
				7D197280222D15220010CA1C /* FoodCategory.swift */,
				7D197282222D15970010CA1C /* Recipe.swift */,
			);
			path = Model;
			sourceTree = "<group>";
		};
		7D19727E222D14F50010CA1C /* Controller */ = {
			isa = PBXGroup;
			children = (
				7D19726D222D14D30010CA1C /* MenuViewController.swift */,
				7D1972AA222FAEB90010CA1C /* SubmenuViewController.swift */,
				7D1D2F25223618A000998C60 /* DetailsViewController.swift */,
				7D77CE7322F91F9300FFDBED /* GenericDataSource.swift */,
				7D77CE7522F9243200FFDBED /* MenuDelegate.swift */,
				7D77CE7722FA731E00FFDBED /* StateController.swift */,
			);
			path = Controller;
			sourceTree = "<group>";
		};
		7D19727F222D14FF0010CA1C /* Cells */ = {
			isa = PBXGroup;
			children = (
				7D1972A8222E6B0E0010CA1C /* CategoryCell.swift */,
				7D1972AC222FB36A0010CA1C /* SubmenuCell.swift */,
			);
			path = Cells;
			sourceTree = "<group>";
		};
		7D65E69A22EC07E900E768E7 /* Coordinator */ = {
			isa = PBXGroup;
			children = (
				7D65E6A022EC0BD100E768E7 /* MainCoordinator.swift */,
				7D65E6A422F1305C00E768E7 /* SubmenuCoordinator.swift */,
				7D65E69B22EC07F300E768E7 /* Protocols */,
			);
			path = Coordinator;
			sourceTree = "<group>";
		};
		7D65E69B22EC07F300E768E7 /* Protocols */ = {
			isa = PBXGroup;
			children = (
				7D65E69C22EC080200E768E7 /* Coordinator.swift */,
				7D65E69E22EC08E200E768E7 /* Storyboarded.swift */,
				7D65E6A222EC0FBC00E768E7 /* MenuProtocol.swift */,
			);
			path = Protocols;
			sourceTree = "<group>";
		};
		CA52BF6C2475C8720053A0A3 /* Main */ = {
			isa = PBXGroup;
			children = (
				7D19726B222D14D30010CA1C /* AppDelegate.swift */,
				7D19726F222D14D30010CA1C /* Main.storyboard */,
				7D197272222D14D40010CA1C /* Assets.xcassets */,
				7D197277222D14D50010CA1C /* Info.plist */,
			);
			path = Main;
			sourceTree = "<group>";
		};
		CA52BF6D2475C8FD0053A0A3 /* UI */ = {
			isa = PBXGroup;
			children = (
				CA52BF6E2475C90A0053A0A3 /* Launch */,
				7D19727F222D14FF0010CA1C /* Cells */,
				7D19727E222D14F50010CA1C /* Controller */,
			);
			path = UI;
			sourceTree = "<group>";
		};
		CA52BF6E2475C90A0053A0A3 /* Launch */ = {
			isa = PBXGroup;
			children = (
				7D197274222D14D50010CA1C /* LaunchScreen.storyboard */,
			);
			path = Launch;
			sourceTree = "<group>";
		};
/* End PBXGroup section */

/* Begin PBXNativeTarget section */
		7D197267222D14D20010CA1C /* iFood */ = {
			isa = PBXNativeTarget;
			buildConfigurationList = 7D19727A222D14D50010CA1C /* Build configuration list for PBXNativeTarget "iFood" */;
			buildPhases = (
				7D197264222D14D20010CA1C /* Sources */,
				7D197265222D14D20010CA1C /* Frameworks */,
				7D197266222D14D20010CA1C /* Resources */,
			);
			buildRules = (
			);
			dependencies = (
			);
			name = iFood;
			productName = iFood;
			productReference = 7D197268222D14D30010CA1C /* iFood.app */;
			productType = "com.apple.product-type.application";
		};
/* End PBXNativeTarget section */

/* Begin PBXProject section */
		7D197260222D14D20010CA1C /* Project object */ = {
			isa = PBXProject;
			attributes = {
				LastSwiftUpdateCheck = 1010;
				LastUpgradeCheck = 1010;
				ORGANIZATIONNAME = Sergiu;
				TargetAttributes = {
					7D197267222D14D20010CA1C = {
						CreatedOnToolsVersion = 10.1;
						LastSwiftMigration = 1140;
					};
				};
			};
			buildConfigurationList = 7D197263222D14D20010CA1C /* Build configuration list for PBXProject "iFood" */;
			compatibilityVersion = "Xcode 9.3";
			developmentRegion = en;
			hasScannedForEncodings = 0;
			knownRegions = (
				en,
				Base,
			);
			mainGroup = 7D19725F222D14D20010CA1C;
			productRefGroup = 7D197269222D14D30010CA1C /* Products */;
			projectDirPath = "";
			projectRoot = "";
			targets = (
				7D197267222D14D20010CA1C /* iFood */,
			);
		};
/* End PBXProject section */

/* Begin PBXResourcesBuildPhase section */
		7D197266222D14D20010CA1C /* Resources */ = {
			isa = PBXResourcesBuildPhase;
			buildActionMask = 2147483647;
			files = (
				7D197276222D14D50010CA1C /* LaunchScreen.storyboard in Resources */,
				7D197273222D14D50010CA1C /* Assets.xcassets in Resources */,
				7D197271222D14D30010CA1C /* Main.storyboard in Resources */,
			);
			runOnlyForDeploymentPostprocessing = 0;
		};
/* End PBXResourcesBuildPhase section */

/* Begin PBXSourcesBuildPhase section */
		7D197264222D14D20010CA1C /* Sources */ = {
			isa = PBXSourcesBuildPhase;
			buildActionMask = 2147483647;
			files = (
				7D197283222D15970010CA1C /* Recipe.swift in Sources */,
				7D65E6A122EC0BD100E768E7 /* MainCoordinator.swift in Sources */,
				7D197285222D15E70010CA1C /* DataSet.swift in Sources */,
				7D65E69D22EC080200E768E7 /* Coordinator.swift in Sources */,
				7D65E6A522F1305C00E768E7 /* SubmenuCoordinator.swift in Sources */,
				7D1D2F26223618A000998C60 /* DetailsViewController.swift in Sources */,
				7D77CE7422F91F9300FFDBED /* GenericDataSource.swift in Sources */,
				7D65E6A322EC0FBC00E768E7 /* MenuProtocol.swift in Sources */,
				7D19726E222D14D30010CA1C /* MenuViewController.swift in Sources */,
				7D1972AD222FB36A0010CA1C /* SubmenuCell.swift in Sources */,
				7D1972AB222FAEB90010CA1C /* SubmenuViewController.swift in Sources */,
				7D77CE7822FA731E00FFDBED /* StateController.swift in Sources */,
				7D65E69F22EC08E200E768E7 /* Storyboarded.swift in Sources */,
				7D197281222D15220010CA1C /* FoodCategory.swift in Sources */,
				7D77CE7622F9243200FFDBED /* MenuDelegate.swift in Sources */,
				7D19726C222D14D30010CA1C /* AppDelegate.swift in Sources */,
				7D1972A9222E6B0E0010CA1C /* CategoryCell.swift in Sources */,
			);
			runOnlyForDeploymentPostprocessing = 0;
		};
/* End PBXSourcesBuildPhase section */

/* Begin PBXVariantGroup section */
		7D19726F222D14D30010CA1C /* Main.storyboard */ = {
			isa = PBXVariantGroup;
			children = (
				7D197270222D14D30010CA1C /* Base */,
			);
			name = Main.storyboard;
			sourceTree = "<group>";
		};
		7D197274222D14D50010CA1C /* LaunchScreen.storyboard */ = {
			isa = PBXVariantGroup;
			children = (
				7D197275222D14D50010CA1C /* Base */,
			);
			name = LaunchScreen.storyboard;
			sourceTree = "<group>";
		};
/* End PBXVariantGroup section */

/* Begin XCBuildConfiguration section */
		7D197278222D14D50010CA1C /* Debug */ = {
			isa = XCBuildConfiguration;
			buildSettings = {
				ALWAYS_SEARCH_USER_PATHS = NO;
				CLANG_ANALYZER_NONNULL = YES;
				CLANG_ANALYZER_NUMBER_OBJECT_CONVERSION = YES_AGGRESSIVE;
				CLANG_CXX_LANGUAGE_STANDARD = "gnu++14";
				CLANG_CXX_LIBRARY = "libc++";
				CLANG_ENABLE_MODULES = YES;
				CLANG_ENABLE_OBJC_ARC = YES;
				CLANG_ENABLE_OBJC_WEAK = YES;
				CLANG_WARN_BLOCK_CAPTURE_AUTORELEASING = YES;
				CLANG_WARN_BOOL_CONVERSION = YES;
				CLANG_WARN_COMMA = YES;
				CLANG_WARN_CONSTANT_CONVERSION = YES;
				CLANG_WARN_DEPRECATED_OBJC_IMPLEMENTATIONS = YES;
				CLANG_WARN_DIRECT_OBJC_ISA_USAGE = YES_ERROR;
				CLANG_WARN_DOCUMENTATION_COMMENTS = YES;
				CLANG_WARN_EMPTY_BODY = YES;
				CLANG_WARN_ENUM_CONVERSION = YES;
				CLANG_WARN_INFINITE_RECURSION = YES;
				CLANG_WARN_INT_CONVERSION = YES;
				CLANG_WARN_NON_LITERAL_NULL_CONVERSION = YES;
				CLANG_WARN_OBJC_IMPLICIT_RETAIN_SELF = YES;
				CLANG_WARN_OBJC_LITERAL_CONVERSION = YES;
				CLANG_WARN_OBJC_ROOT_CLASS = YES_ERROR;
				CLANG_WARN_RANGE_LOOP_ANALYSIS = YES;
				CLANG_WARN_STRICT_PROTOTYPES = YES;
				CLANG_WARN_SUSPICIOUS_MOVE = YES;
				CLANG_WARN_UNGUARDED_AVAILABILITY = YES_AGGRESSIVE;
				CLANG_WARN_UNREACHABLE_CODE = YES;
				CLANG_WARN__DUPLICATE_METHOD_MATCH = YES;
				CODE_SIGN_IDENTITY = "iPhone Developer";
				COPY_PHASE_STRIP = NO;
				DEBUG_INFORMATION_FORMAT = dwarf;
				ENABLE_STRICT_OBJC_MSGSEND = YES;
				ENABLE_TESTABILITY = YES;
				GCC_C_LANGUAGE_STANDARD = gnu11;
				GCC_DYNAMIC_NO_PIC = NO;
				GCC_NO_COMMON_BLOCKS = YES;
				GCC_OPTIMIZATION_LEVEL = 0;
				GCC_PREPROCESSOR_DEFINITIONS = (
					"DEBUG=1",
					"$(inherited)",
				);
				GCC_WARN_64_TO_32_BIT_CONVERSION = YES;
				GCC_WARN_ABOUT_RETURN_TYPE = YES_ERROR;
				GCC_WARN_UNDECLARED_SELECTOR = YES;
				GCC_WARN_UNINITIALIZED_AUTOS = YES_AGGRESSIVE;
				GCC_WARN_UNUSED_FUNCTION = YES;
				GCC_WARN_UNUSED_VARIABLE = YES;
				IPHONEOS_DEPLOYMENT_TARGET = 12.1;
				MTL_ENABLE_DEBUG_INFO = INCLUDE_SOURCE;
				MTL_FAST_MATH = YES;
				ONLY_ACTIVE_ARCH = YES;
				SDKROOT = iphoneos;
				SWIFT_ACTIVE_COMPILATION_CONDITIONS = DEBUG;
				SWIFT_OPTIMIZATION_LEVEL = "-Onone";
				SWIFT_VERSION = 5.0;
			};
			name = Debug;
		};
		7D197279222D14D50010CA1C /* Release */ = {
			isa = XCBuildConfiguration;
			buildSettings = {
				ALWAYS_SEARCH_USER_PATHS = NO;
				CLANG_ANALYZER_NONNULL = YES;
				CLANG_ANALYZER_NUMBER_OBJECT_CONVERSION = YES_AGGRESSIVE;
				CLANG_CXX_LANGUAGE_STANDARD = "gnu++14";
				CLANG_CXX_LIBRARY = "libc++";
				CLANG_ENABLE_MODULES = YES;
				CLANG_ENABLE_OBJC_ARC = YES;
				CLANG_ENABLE_OBJC_WEAK = YES;
				CLANG_WARN_BLOCK_CAPTURE_AUTORELEASING = YES;
				CLANG_WARN_BOOL_CONVERSION = YES;
				CLANG_WARN_COMMA = YES;
				CLANG_WARN_CONSTANT_CONVERSION = YES;
				CLANG_WARN_DEPRECATED_OBJC_IMPLEMENTATIONS = YES;
				CLANG_WARN_DIRECT_OBJC_ISA_USAGE = YES_ERROR;
				CLANG_WARN_DOCUMENTATION_COMMENTS = YES;
				CLANG_WARN_EMPTY_BODY = YES;
				CLANG_WARN_ENUM_CONVERSION = YES;
				CLANG_WARN_INFINITE_RECURSION = YES;
				CLANG_WARN_INT_CONVERSION = YES;
				CLANG_WARN_NON_LITERAL_NULL_CONVERSION = YES;
				CLANG_WARN_OBJC_IMPLICIT_RETAIN_SELF = YES;
				CLANG_WARN_OBJC_LITERAL_CONVERSION = YES;
				CLANG_WARN_OBJC_ROOT_CLASS = YES_ERROR;
				CLANG_WARN_RANGE_LOOP_ANALYSIS = YES;
				CLANG_WARN_STRICT_PROTOTYPES = YES;
				CLANG_WARN_SUSPICIOUS_MOVE = YES;
				CLANG_WARN_UNGUARDED_AVAILABILITY = YES_AGGRESSIVE;
				CLANG_WARN_UNREACHABLE_CODE = YES;
				CLANG_WARN__DUPLICATE_METHOD_MATCH = YES;
				CODE_SIGN_IDENTITY = "iPhone Developer";
				COPY_PHASE_STRIP = NO;
				DEBUG_INFORMATION_FORMAT = "dwarf-with-dsym";
				ENABLE_NS_ASSERTIONS = NO;
				ENABLE_STRICT_OBJC_MSGSEND = YES;
				GCC_C_LANGUAGE_STANDARD = gnu11;
				GCC_NO_COMMON_BLOCKS = YES;
				GCC_WARN_64_TO_32_BIT_CONVERSION = YES;
				GCC_WARN_ABOUT_RETURN_TYPE = YES_ERROR;
				GCC_WARN_UNDECLARED_SELECTOR = YES;
				GCC_WARN_UNINITIALIZED_AUTOS = YES_AGGRESSIVE;
				GCC_WARN_UNUSED_FUNCTION = YES;
				GCC_WARN_UNUSED_VARIABLE = YES;
				IPHONEOS_DEPLOYMENT_TARGET = 12.1;
				MTL_ENABLE_DEBUG_INFO = NO;
				MTL_FAST_MATH = YES;
				SDKROOT = iphoneos;
				SWIFT_COMPILATION_MODE = wholemodule;
				SWIFT_OPTIMIZATION_LEVEL = "-O";
				SWIFT_VERSION = 5.0;
				VALIDATE_PRODUCT = YES;
			};
			name = Release;
		};
		7D19727B222D14D50010CA1C /* Debug */ = {
			isa = XCBuildConfiguration;
			buildSettings = {
				ASSETCATALOG_COMPILER_APPICON_NAME = AppIcon;
				CODE_SIGN_STYLE = Automatic;
				DEVELOPMENT_TEAM = YTY3T23FT4;
				INFOPLIST_FILE = iFood/Main/Info.plist;
				LD_RUNPATH_SEARCH_PATHS = (
					"$(inherited)",
					"@executable_path/Frameworks",
				);
				PRODUCT_BUNDLE_IDENTIFIER = sergiusuru.iFood;
				PRODUCT_NAME = "$(TARGET_NAME)";
				SWIFT_VERSION = 5.0;
				TARGETED_DEVICE_FAMILY = "1,2";
			};
			name = Debug;
		};
		7D19727C222D14D50010CA1C /* Release */ = {
			isa = XCBuildConfiguration;
			buildSettings = {
				ASSETCATALOG_COMPILER_APPICON_NAME = AppIcon;
				CODE_SIGN_STYLE = Automatic;
				DEVELOPMENT_TEAM = YTY3T23FT4;
				INFOPLIST_FILE = iFood/Main/Info.plist;
				LD_RUNPATH_SEARCH_PATHS = (
					"$(inherited)",
					"@executable_path/Frameworks",
				);
				PRODUCT_BUNDLE_IDENTIFIER = sergiusuru.iFood;
				PRODUCT_NAME = "$(TARGET_NAME)";
				SWIFT_VERSION = 5.0;
				TARGETED_DEVICE_FAMILY = "1,2";
			};
			name = Release;
		};
/* End XCBuildConfiguration section */

/* Begin XCConfigurationList section */
		7D197263222D14D20010CA1C /* Build configuration list for PBXProject "iFood" */ = {
			isa = XCConfigurationList;
			buildConfigurations = (
				7D197278222D14D50010CA1C /* Debug */,
				7D197279222D14D50010CA1C /* Release */,
			);
			defaultConfigurationIsVisible = 0;
			defaultConfigurationName = Release;
		};
		7D19727A222D14D50010CA1C /* Build configuration list for PBXNativeTarget "iFood" */ = {
			isa = XCConfigurationList;
			buildConfigurations = (
				7D19727B222D14D50010CA1C /* Debug */,
				7D19727C222D14D50010CA1C /* Release */,
			);
			defaultConfigurationIsVisible = 0;
			defaultConfigurationName = Release;
		};
/* End XCConfigurationList section */
	};
	rootObject = 7D197260222D14D20010CA1C /* Project object */;
}
